
Microsoft Visual Studio Solution File, Format Version 12.00
# Visual Studio Version 17
VisualStudioVersion = 17.5.002.0
MinimumVisualStudioVersion = 10.0.40219.1
Project("{9A19103F-16F7-4668-BE54-9A1E7A4F7556}") = "BackEnd", "BackEnd.csproj", "{28BA91B3-6A15-42FD-93E9-C08675F0DF6D}"
EndProject
Global
	GlobalSection(SolutionConfigurationPlatforms) = preSolution
		Debug|Any CPU = Debug|Any CPU
		Release|Any CPU = Release|Any CPU
	EndGlobalSection
	GlobalSection(ProjectConfigurationPlatforms) = postSolution
		{28BA91B3-6A15-42FD-93E9-C08675F0DF6D}.Debug|Any CPU.ActiveCfg = Debug|Any CPU
		{28BA91B3-6A15-42FD-93E9-C08675F0DF6D}.Debug|Any CPU.Build.0 = Debug|Any CPU
		{28BA91B3-6A15-42FD-93E9-C08675F0DF6D}.Release|Any CPU.ActiveCfg = Release|Any CPU
		{28BA91B3-6A15-42FD-93E9-C08675F0DF6D}.Release|Any CPU.Build.0 = Release|Any CPU
	EndGlobalSection
	GlobalSection(SolutionProperties) = preSolution
		HideSolutionNode = FALSE
	EndGlobalSection
	GlobalSection(ExtensibilityGlobals) = postSolution
		SolutionGuid = {6132B0C0-8967-4144-B12B-D77E25495993}
	EndGlobalSection
EndGlobal
